{
    "name": "bch-intents-sdk",
    "lockfileVersion": 3,
    "requires": true,
    "packages": {
        "": {
            "name": "bch-intents-sdk",
            "workspaces": [
                "packages/*"
            ],
            "engines": {
                "node": ">=18.0.0"
            }
        },
        "node_modules/@bch-intents/sdk": {
            "resolved": "packages/sdk",
            "link": true
        },
        "node_modules/@bch-intents/sdk-cashtokens": {
            "resolved": "packages/sdk-cashtokens",
            "link": true
        },
        "node_modules/@bch-intents/sdk-common": {
            "resolved": "packages/sdk-common",
            "link": true
        },
        "node_modules/@bch-intents/sdk-contracts": {
            "resolved": "packages/sdk-contracts",
            "link": true
        },
        "node_modules/@bch-intents/sdk-cross-chain": {
            "resolved": "packages/sdk-cross-chain",
            "link": true
        },
        "node_modules/@bch-intents/sdk-order-book": {
            "resolved": "packages/sdk-order-book",
            "link": true
        },
        "node_modules/@bch-intents/sdk-wallet-adapter": {
            "resolved": "packages/sdk-wallet-adapter",
            "link": true
        },
        "node_modules/@bitauth/libauth": {
            "version": "3.0.0",
            "resolved": "https://registry.npmjs.org/@bitauth/libauth/-/libauth-3.0.0.tgz",
            "integrity": "sha512-3yoL31XpnhAnf5nDVMFk4xPqebxDwXrgYAwpa31ARJnV5A/eXWlpNYvCd6FTZPFM4VvKfjCBi+jRCrw1hOZ0Jg==",
            "license": "MIT",
            "engines": {
                "node": "^12.20.0 || ^14.13.1 || >=16.0.0"
            }
        },
        "node_modules/@cashscript/utils": {
            "version": "0.12.1",
            "resolved": "https://registry.npmjs.org/@cashscript/utils/-/utils-0.12.1.tgz",
            "integrity": "sha512-dGVbbFMUHZJFjmLkGQNrM0/hzoXlJgM8bYU1J5cX80Vo5n7dmopctmxplgXGd3u/h6hBUt3V7lTawGi8DBupJQ==",
            "license": "MIT",
            "dependencies": {
                "@bitauth/libauth": "^3.1.0-next.8"
            }
        },
        "node_modules/@cashscript/utils/node_modules/@bitauth/libauth": {
            "version": "3.1.0-next.8",
            "resolved": "https://registry.npmjs.org/@bitauth/libauth/-/libauth-3.1.0-next.8.tgz",
            "integrity": "sha512-Pm+Ju+YP3JeBLLTiVrBnia2wwE4G17r4XqpvPRMcklElJTe8J6x3JgKRg1by0Xm3ZY6UFxACkEAoSA+x419/zA==",
            "license": "MIT",
            "engines": {
                "node": "^12.20.0 || ^14.13.1 || >=16.0.0"
            }
        },
        "node_modules/@electrum-cash/debug-logs": {
            "version": "1.0.0",
            "resolved": "https://registry.npmjs.org/@electrum-cash/debug-logs/-/debug-logs-1.0.0.tgz",
            "integrity": "sha512-GU/CvRR9lZ0d8gy9CXGW7f//OHCIydBavv9q+JcxjGj8Xr7HwlGqHx+Wzhx9y3YmJrXfExpgClcd++gTjdEmzA==",
            "license": "MIT",
            "dependencies": {
                "debug": "^4.3.7"
            }
        },
        "node_modules/@electrum-cash/network": {
            "version": "4.2.2",
            "resolved": "https://registry.npmjs.org/@electrum-cash/network/-/network-4.2.2.tgz",
            "integrity": "sha512-v2Wwt2o0VBBALPArx2dJEDvSqewKjiTW5KAd+jEXxxgdSxFygjJIrFcXryKOCv2CDbpE5+lXAogPAjx6FqW/nw==",
            "license": "MIT",
            "dependencies": {
                "@electrum-cash/debug-logs": "^1.0.0",
                "@electrum-cash/web-socket": "^1.2.3",
                "async-mutex": "^0.5.0",
                "debug": "^4.3.2",
                "eventemitter3": "^5.0.1",
                "lossless-json": "^4.0.1"
            }
        },
        "node_modules/@electrum-cash/web-socket": {
            "version": "1.2.3",
            "resolved": "https://registry.npmjs.org/@electrum-cash/web-socket/-/web-socket-1.2.3.tgz",
            "integrity": "sha512-sFWujTt98mvsMvE6gWjG44evkF3PcZhG1JffkkEUAVan+c9X51wkiWr3hkjPeIW0WfNpMTrFkvpGqVYmRj1RCA==",
            "license": "MIT",
            "dependencies": {
                "@electrum-cash/debug-logs": "^1.0.0",
                "@monsterbitar/isomorphic-ws": "^5.3.0",
                "@types/ws": "^8.5.5",
                "async-mutex": "^0.5.0",
                "eventemitter3": "^5.0.1",
                "lossless-json": "^4.0.1",
                "ws": "^8.13.0"
            }
        },
        "node_modules/@esbuild/aix-ppc64": {
            "version": "0.27.3",
            "resolved": "https://registry.npmjs.org/@esbuild/aix-ppc64/-/aix-ppc64-0.27.3.tgz",
            "integrity": "sha512-9fJMTNFTWZMh5qwrBItuziu834eOCUcEqymSH7pY+zoMVEZg3gcPuBNxH1EvfVYe9h0x/Ptw8KBzv7qxb7l8dg==",
            "cpu": [
                "ppc64"
            ],
            "dev": true,
            "license": "MIT",
            "optional": true,
            "os": [
                "aix"
            ],
            "engines": {
                "node": ">=18"
            }
        },
        "node_modules/@esbuild/android-arm": {
            "version": "0.27.3",
            "resolved": "https://registry.npmjs.org/@esbuild/android-arm/-/android-arm-0.27.3.tgz",
            "integrity": "sha512-i5D1hPY7GIQmXlXhs2w8AWHhenb00+GxjxRncS2ZM7YNVGNfaMxgzSGuO8o8SJzRc/oZwU2bcScvVERk03QhzA==",
            "cpu": [
                "arm"
            ],
            "dev": true,
            "license": "MIT",
            "optional": true,
            "os": [
                "android"
            ],
            "engines": {
                "node": ">=18"
            }
        },
        "node_modules/@esbuild/android-arm64": {
            "version": "0.27.3",
            "resolved": "https://registry.npmjs.org/@esbuild/android-arm64/-/android-arm64-0.27.3.tgz",
            "integrity": "sha512-YdghPYUmj/FX2SYKJ0OZxf+iaKgMsKHVPF1MAq/P8WirnSpCStzKJFjOjzsW0QQ7oIAiccHdcqjbHmJxRb/dmg==",
            "cpu": [
                "arm64"
            ],
            "dev": true,
            "license": "MIT",
            "optional": true,
            "os": [
                "android"
            ],
            "engines": {
                "node": ">=18"
            }
        },
        "node_modules/@esbuild/android-x64": {
            "version": "0.27.3",
            "resolved": "https://registry.npmjs.org/@esbuild/android-x64/-/android-x64-0.27.3.tgz",
            "integrity": "sha512-IN/0BNTkHtk8lkOM8JWAYFg4ORxBkZQf9zXiEOfERX/CzxW3Vg1ewAhU7QSWQpVIzTW+b8Xy+lGzdYXV6UZObQ==",
            "cpu": [
                "x64"
            ],
            "dev": true,
            "license": "MIT",
            "optional": true,
            "os": [
                "android"
            ],
            "engines": {
                "node": ">=18"
            }
        },
        "node_modules/@esbuild/darwin-arm64": {
            "version": "0.27.3",
            "resolved": "https://registry.npmjs.org/@esbuild/darwin-arm64/-/darwin-arm64-0.27.3.tgz",
            "integrity": "sha512-Re491k7ByTVRy0t3EKWajdLIr0gz2kKKfzafkth4Q8A5n1xTHrkqZgLLjFEHVD+AXdUGgQMq+Godfq45mGpCKg==",
            "cpu": [
                "arm64"
            ],
            "dev": true,
            "license": "MIT",
            "optional": true,
            "os": [
                "darwin"
            ],
            "engines": {
                "node": ">=18"
            }
        },
        "node_modules/@esbuild/darwin-x64": {
            "version": "0.27.3",
            "resolved": "https://registry.npmjs.org/@esbuild/darwin-x64/-/darwin-x64-0.27.3.tgz",
            "integrity": "sha512-vHk/hA7/1AckjGzRqi6wbo+jaShzRowYip6rt6q7VYEDX4LEy1pZfDpdxCBnGtl+A5zq8iXDcyuxwtv3hNtHFg==",
            "cpu": [
                "x64"
            ],
            "dev": true,
            "license": "MIT",
            "optional": true,
            "os": [
                "darwin"
            ],
            "engines": {
                "node": ">=18"
            }
        },
        "node_modules/@esbuild/freebsd-arm64": {
            "version": "0.27.3",
            "resolved": "https://registry.npmjs.org/@esbuild/freebsd-arm64/-/freebsd-arm64-0.27.3.tgz",
            "integrity": "sha512-ipTYM2fjt3kQAYOvo6vcxJx3nBYAzPjgTCk7QEgZG8AUO3ydUhvelmhrbOheMnGOlaSFUoHXB6un+A7q4ygY9w==",
            "cpu": [
                "arm64"
            ],
            "dev": true,
            "license": "MIT",
            "optional": true,
            "os": [
                "freebsd"
            ],
            "engines": {
                "node": ">=18"
            }
        },
        "node_modules/@esbuild/freebsd-x64": {
            "version": "0.27.3",
            "resolved": "https://registry.npmjs.org/@esbuild/freebsd-x64/-/freebsd-x64-0.27.3.tgz",
            "integrity": "sha512-dDk0X87T7mI6U3K9VjWtHOXqwAMJBNN2r7bejDsc+j03SEjtD9HrOl8gVFByeM0aJksoUuUVU9TBaZa2rgj0oA==",
            "cpu": [
                "x64"
            ],
            "dev": true,
            "license": "MIT",
            "optional": true,
            "os": [
                "freebsd"
            ],
            "engines": {
                "node": ">=18"
            }
        },
        "node_modules/@esbuild/linux-arm": {
            "version": "0.27.3",
            "resolved": "https://registry.npmjs.org/@esbuild/linux-arm/-/linux-arm-0.27.3.tgz",
            "integrity": "sha512-s6nPv2QkSupJwLYyfS+gwdirm0ukyTFNl3KTgZEAiJDd+iHZcbTPPcWCcRYH+WlNbwChgH2QkE9NSlNrMT8Gfw==",
            "cpu": [
                "arm"
            ],
            "dev": true,
            "license": "MIT",
            "optional": true,
            "os": [
                "linux"
            ],
            "engines": {
                "node": ">=18"
            }
        },
        "node_modules/@esbuild/linux-arm64": {
            "version": "0.27.3",
            "resolved": "https://registry.npmjs.org/@esbuild/linux-arm64/-/linux-arm64-0.27.3.tgz",
            "integrity": "sha512-sZOuFz/xWnZ4KH3YfFrKCf1WyPZHakVzTiqji3WDc0BCl2kBwiJLCXpzLzUBLgmp4veFZdvN5ChW4Eq/8Fc2Fg==",
            "cpu": [
                "arm64"
            ],
            "dev": true,
            "license": "MIT",
            "optional": true,
            "os": [
                "linux"
            ],
            "engines": {
                "node": ">=18"
            }
        },
        "node_modules/@esbuild/linux-ia32": {
            "version": "0.27.3",
            "resolved": "https://registry.npmjs.org/@esbuild/linux-ia32/-/linux-ia32-0.27.3.tgz",
            "integrity": "sha512-yGlQYjdxtLdh0a3jHjuwOrxQjOZYD/C9PfdbgJJF3TIZWnm/tMd/RcNiLngiu4iwcBAOezdnSLAwQDPqTmtTYg==",
            "cpu": [
                "ia32"
            ],
            "dev": true,
            "license": "MIT",
            "optional": true,
            "os": [
                "linux"
            ],
            "engines": {
                "node": ">=18"
            }
        },
        "node_modules/@esbuild/linux-loong64": {
            "version": "0.27.3",
            "resolved": "https://registry.npmjs.org/@esbuild/linux-loong64/-/linux-loong64-0.27.3.tgz",
            "integrity": "sha512-WO60Sn8ly3gtzhyjATDgieJNet/KqsDlX5nRC5Y3oTFcS1l0KWba+SEa9Ja1GfDqSF1z6hif/SkpQJbL63cgOA==",
            "cpu": [
                "loong64"
            ],
            "dev": true,
            "license": "MIT",
            "optional": true,
            "os": [
                "linux"
            ],
            "engines": {
                "node": ">=18"
            }
        },
        "node_modules/@esbuild/linux-mips64el": {
            "version": "0.27.3",
            "resolved": "https://registry.npmjs.org/@esbuild/linux-mips64el/-/linux-mips64el-0.27.3.tgz",
            "integrity": "sha512-APsymYA6sGcZ4pD6k+UxbDjOFSvPWyZhjaiPyl/f79xKxwTnrn5QUnXR5prvetuaSMsb4jgeHewIDCIWljrSxw==",
            "cpu": [
                "mips64el"
            ],
            "dev": true,
            "license": "MIT",
            "optional": true,
            "os": [
                "linux"
            ],
            "engines": {
                "node": ">=18"
            }
        },
        "node_modules/@esbuild/linux-ppc64": {
            "version": "0.27.3",
            "resolved": "https://registry.npmjs.org/@esbuild/linux-ppc64/-/linux-ppc64-0.27.3.tgz",
            "integrity": "sha512-eizBnTeBefojtDb9nSh4vvVQ3V9Qf9Df01PfawPcRzJH4gFSgrObw+LveUyDoKU3kxi5+9RJTCWlj4FjYXVPEA==",
            "cpu": [
                "ppc64"
            ],
            "dev": true,
            "license": "MIT",
            "optional": true,
            "os": [
                "linux"
            ],
            "engines": {
                "node": ">=18"
            }
        },
        "node_modules/@esbuild/linux-riscv64": {
            "version": "0.27.3",
            "resolved": "https://registry.npmjs.org/@esbuild/linux-riscv64/-/linux-riscv64-0.27.3.tgz",
            "integrity": "sha512-3Emwh0r5wmfm3ssTWRQSyVhbOHvqegUDRd0WhmXKX2mkHJe1SFCMJhagUleMq+Uci34wLSipf8Lagt4LlpRFWQ==",
            "cpu": [
                "riscv64"
            ],
            "dev": true,
            "license": "MIT",
            "optional": true,
            "os": [
                "linux"
            ],
            "engines": {
                "node": ">=18"
            }
        },
        "node_modules/@esbuild/linux-s390x": {
            "version": "0.27.3",
            "resolved": "https://registry.npmjs.org/@esbuild/linux-s390x/-/linux-s390x-0.27.3.tgz",
            "integrity": "sha512-pBHUx9LzXWBc7MFIEEL0yD/ZVtNgLytvx60gES28GcWMqil8ElCYR4kvbV2BDqsHOvVDRrOxGySBM9Fcv744hw==",
            "cpu": [
                "s390x"
            ],
            "dev": true,
            "license": "MIT",
            "optional": true,
            "os": [
                "linux"
            ],
            "engines": {
                "node": ">=18"
            }
        },
        "node_modules/@esbuild/linux-x64": {
            "version": "0.27.3",
            "resolved": "https://registry.npmjs.org/@esbuild/linux-x64/-/linux-x64-0.27.3.tgz",
            "integrity": "sha512-Czi8yzXUWIQYAtL/2y6vogER8pvcsOsk5cpwL4Gk5nJqH5UZiVByIY8Eorm5R13gq+DQKYg0+JyQoytLQas4dA==",
            "cpu": [
                "x64"
            ],
            "dev": true,
            "license": "MIT",
            "optional": true,
            "os": [
                "linux"
            ],
            "engines": {
                "node": ">=18"
            }
        },
        "node_modules/@esbuild/netbsd-arm64": {
            "version": "0.27.3",
            "resolved": "https://registry.npmjs.org/@esbuild/netbsd-arm64/-/netbsd-arm64-0.27.3.tgz",
            "integrity": "sha512-sDpk0RgmTCR/5HguIZa9n9u+HVKf40fbEUt+iTzSnCaGvY9kFP0YKBWZtJaraonFnqef5SlJ8/TiPAxzyS+UoA==",
            "cpu": [
                "arm64"
            ],
            "dev": true,
            "license": "MIT",
            "optional": true,
            "os": [
                "netbsd"
            ],
            "engines": {
                "node": ">=18"
            }
        },
        "node_modules/@esbuild/netbsd-x64": {
            "version": "0.27.3",
            "resolved": "https://registry.npmjs.org/@esbuild/netbsd-x64/-/netbsd-x64-0.27.3.tgz",
            "integrity": "sha512-P14lFKJl/DdaE00LItAukUdZO5iqNH7+PjoBm+fLQjtxfcfFE20Xf5CrLsmZdq5LFFZzb5JMZ9grUwvtVYzjiA==",
            "cpu": [
                "x64"
            ],
            "dev": true,
            "license": "MIT",
            "optional": true,
            "os": [
                "netbsd"
            ],
            "engines": {
                "node": ">=18"
            }
        },
        "node_modules/@esbuild/openbsd-arm64": {
            "version": "0.27.3",
            "resolved": "https://registry.npmjs.org/@esbuild/openbsd-arm64/-/openbsd-arm64-0.27.3.tgz",
            "integrity": "sha512-AIcMP77AvirGbRl/UZFTq5hjXK+2wC7qFRGoHSDrZ5v5b8DK/GYpXW3CPRL53NkvDqb9D+alBiC/dV0Fb7eJcw==",
            "cpu": [
                "arm64"
            ],
            "dev": true,
            "license": "MIT",
            "optional": true,
            "os": [
                "openbsd"
            ],
            "engines": {
                "node": ">=18"
            }
        },
        "node_modules/@esbuild/openbsd-x64": {
            "version": "0.27.3",
            "resolved": "https://registry.npmjs.org/@esbuild/openbsd-x64/-/openbsd-x64-0.27.3.tgz",
            "integrity": "sha512-DnW2sRrBzA+YnE70LKqnM3P+z8vehfJWHXECbwBmH/CU51z6FiqTQTHFenPlHmo3a8UgpLyH3PT+87OViOh1AQ==",
            "cpu": [
                "x64"
            ],
            "dev": true,
            "license": "MIT",
            "optional": true,
            "os": [
                "openbsd"
            ],
            "engines": {
                "node": ">=18"
            }
        },
        "node_modules/@esbuild/openharmony-arm64": {
            "version": "0.27.3",
            "resolved": "https://registry.npmjs.org/@esbuild/openharmony-arm64/-/openharmony-arm64-0.27.3.tgz",
            "integrity": "sha512-NinAEgr/etERPTsZJ7aEZQvvg/A6IsZG/LgZy+81wON2huV7SrK3e63dU0XhyZP4RKGyTm7aOgmQk0bGp0fy2g==",
            "cpu": [
                "arm64"
            ],
            "dev": true,
            "license": "MIT",
            "optional": true,
            "os": [
                "openharmony"
            ],
            "engines": {
                "node": ">=18"
            }
        },
        "node_modules/@esbuild/sunos-x64": {
            "version": "0.27.3",
            "resolved": "https://registry.npmjs.org/@esbuild/sunos-x64/-/sunos-x64-0.27.3.tgz",
            "integrity": "sha512-PanZ+nEz+eWoBJ8/f8HKxTTD172SKwdXebZ0ndd953gt1HRBbhMsaNqjTyYLGLPdoWHy4zLU7bDVJztF5f3BHA==",
            "cpu": [
                "x64"
            ],
            "dev": true,
            "license": "MIT",
            "optional": true,
            "os": [
                "sunos"
            ],
            "engines": {
                "node": ">=18"
            }
        },
        "node_modules/@esbuild/win32-arm64": {
            "version": "0.27.3",
            "resolved": "https://registry.npmjs.org/@esbuild/win32-arm64/-/win32-arm64-0.27.3.tgz",
            "integrity": "sha512-B2t59lWWYrbRDw/tjiWOuzSsFh1Y/E95ofKz7rIVYSQkUYBjfSgf6oeYPNWHToFRr2zx52JKApIcAS/D5TUBnA==",
            "cpu": [
                "arm64"
            ],
            "dev": true,
            "license": "MIT",
            "optional": true,
            "os": [
                "win32"
            ],
            "engines": {
                "node": ">=18"
            }
        },
        "node_modules/@esbuild/win32-ia32": {
            "version": "0.27.3",
            "resolved": "https://registry.npmjs.org/@esbuild/win32-ia32/-/win32-ia32-0.27.3.tgz",
            "integrity": "sha512-QLKSFeXNS8+tHW7tZpMtjlNb7HKau0QDpwm49u0vUp9y1WOF+PEzkU84y9GqYaAVW8aH8f3GcBck26jh54cX4Q==",
            "cpu": [
                "ia32"
            ],
            "dev": true,
            "license": "MIT",
            "optional": true,
            "os": [
                "win32"
            ],
            "engines": {
                "node": ">=18"
            }
        },
        "node_modules/@esbuild/win32-x64": {
            "version": "0.27.3",
            "resolved": "https://registry.npmjs.org/@esbuild/win32-x64/-/win32-x64-0.27.3.tgz",
            "integrity": "sha512-4uJGhsxuptu3OcpVAzli+/gWusVGwZZHTlS63hh++ehExkVT8SgiEf7/uC/PclrPPkLhZqGgCTjd0VWLo6xMqA==",
            "cpu": [
                "x64"
            ],
            "dev": true,
            "license": "MIT",
            "optional": true,
            "os": [
                "win32"
            ],
            "engines": {
                "node": ">=18"
            }
        },
        "node_modules/@monsterbitar/isomorphic-ws": {
            "version": "5.3.1",
            "resolved": "https://registry.npmjs.org/@monsterbitar/isomorphic-ws/-/isomorphic-ws-5.3.1.tgz",
            "integrity": "sha512-BWfWUffbg3uO4K6Cyokg9ff43lPaXAOZcCnNe1lcjCjUMDVrRAb5qEHG5qeJp3ud2SPYbORaNsls5as6SR3oig==",
            "license": "MIT",
            "peerDependencies": {
                "ws": "*"
            }
        },
        "node_modules/@mr-zwets/bchn-api-wrapper": {
            "version": "1.0.2",
            "resolved": "https://registry.npmjs.org/@mr-zwets/bchn-api-wrapper/-/bchn-api-wrapper-1.0.2.tgz",
            "integrity": "sha512-hgtnepLQcR+ea2Qz2Kiua0LrtCO3Vx6JcgZMThml2KAut8/Y7w6Qb6g5tOjpE2ysFZfC3MGqYnFmxiBLfToxwA==",
            "license": "ISC"
        },
        "node_modules/@types/node": {
            "version": "25.3.3",
            "resolved": "https://registry.npmjs.org/@types/node/-/node-25.3.3.tgz",
            "integrity": "sha512-DpzbrH7wIcBaJibpKo9nnSQL0MTRdnWttGyE5haGwK86xgMOkFLp7vEyfQPGLOJh5wNYiJ3V9PmUMDhV9u8kkQ==",
            "license": "MIT",
            "dependencies": {
                "undici-types": "~7.18.0"
            }
        },
        "node_modules/@types/ws": {
            "version": "8.18.1",
            "resolved": "https://registry.npmjs.org/@types/ws/-/ws-8.18.1.tgz",
            "integrity": "sha512-ThVF6DCVhA8kUGy+aazFQ4kXQ7E1Ty7A3ypFOe0IcJV8O/M511G99AW24irKrW56Wt44yG9+ij8FaqoBGkuBXg==",
            "license": "MIT",
            "dependencies": {
                "@types/node": "*"
            }
        },
        "node_modules/async-mutex": {
            "version": "0.5.0",
            "resolved": "https://registry.npmjs.org/async-mutex/-/async-mutex-0.5.0.tgz",
            "integrity": "sha512-1A94B18jkJ3DYq284ohPxoXbfTA5HsQ7/Mf4DEhcyLx3Bz27Rh59iScbB6EPiP+B+joue6YCxcMXSbFC1tZKwA==",
            "license": "MIT",
            "dependencies": {
                "tslib": "^2.4.0"
            }
        },
        "node_modules/cashscript": {
            "version": "0.12.1",
            "resolved": "https://registry.npmjs.org/cashscript/-/cashscript-0.12.1.tgz",
            "integrity": "sha512-IGKipstPw+/N+Nr5YyZf7LH89o32cmoMZFYZsEYQdOhMJQKp/m8lxkug8bPTm3oee+zzO4vYpDCbsBCaAhuj/A==",
            "license": "MIT",
            "dependencies": {
                "@bitauth/libauth": "^3.1.0-next.8",
                "@cashscript/utils": "^0.12.1",
                "@electrum-cash/network": "^4.1.3",
                "@mr-zwets/bchn-api-wrapper": "^1.0.1",
                "pako": "^2.1.0",
                "semver": "^7.7.2"
            }
        },
        "node_modules/cashscript/node_modules/@bitauth/libauth": {
            "version": "3.1.0-next.8",
            "resolved": "https://registry.npmjs.org/@bitauth/libauth/-/libauth-3.1.0-next.8.tgz",
            "integrity": "sha512-Pm+Ju+YP3JeBLLTiVrBnia2wwE4G17r4XqpvPRMcklElJTe8J6x3JgKRg1by0Xm3ZY6UFxACkEAoSA+x419/zA==",
            "license": "MIT",
            "engines": {
                "node": "^12.20.0 || ^14.13.1 || >=16.0.0"
            }
        },
        "node_modules/debug": {
            "version": "4.4.3",
            "resolved": "https://registry.npmjs.org/debug/-/debug-4.4.3.tgz",
            "integrity": "sha512-RGwwWnwQvkVfavKVt22FGLw+xYSdzARwm0ru6DhTVA3umU5hZc28V3kO4stgYryrTlLpuvgI9GiijltAjNbcqA==",
            "license": "MIT",
            "dependencies": {
                "ms": "^2.1.3"
            },
            "engines": {
                "node": ">=6.0"
            },
            "peerDependenciesMeta": {
                "supports-color": {
                    "optional": true
                }
            }
        },
        "node_modules/dotenv": {
            "version": "10.0.0",
            "resolved": "https://registry.npmjs.org/dotenv/-/dotenv-10.0.0.tgz",
            "integrity": "sha512-rlBi9d8jpv9Sf1klPjNfFAuWDjKLwTIJJ/VxtoTwIR6hnZxcEOQCZg2oIL3MWBYw5GpUDKOEnND7LXTbIpQ03Q==",
            "license": "BSD-2-Clause",
            "optional": true,
            "engines": {
                "node": ">=10"
            }
        },
        "node_modules/esbuild": {
            "version": "0.27.3",
            "resolved": "https://registry.npmjs.org/esbuild/-/esbuild-0.27.3.tgz",
            "integrity": "sha512-8VwMnyGCONIs6cWue2IdpHxHnAjzxnw2Zr7MkVxB2vjmQ2ivqGFb4LEG3SMnv0Gb2F/G/2yA8zUaiL1gywDCCg==",
            "dev": true,
            "hasInstallScript": true,
            "license": "MIT",
            "bin": {
                "esbuild": "bin/esbuild"
            },
            "engines": {
                "node": ">=18"
            },
            "optionalDependencies": {
                "@esbuild/aix-ppc64": "0.27.3",
                "@esbuild/android-arm": "0.27.3",
                "@esbuild/android-arm64": "0.27.3",
                "@esbuild/android-x64": "0.27.3",
                "@esbuild/darwin-arm64": "0.27.3",
                "@esbuild/darwin-x64": "0.27.3",
                "@esbuild/freebsd-arm64": "0.27.3",
                "@esbuild/freebsd-x64": "0.27.3",
                "@esbuild/linux-arm": "0.27.3",
                "@esbuild/linux-arm64": "0.27.3",
                "@esbuild/linux-ia32": "0.27.3",
                "@esbuild/linux-loong64": "0.27.3",
                "@esbuild/linux-mips64el": "0.27.3",
                "@esbuild/linux-ppc64": "0.27.3",
                "@esbuild/linux-riscv64": "0.27.3",
                "@esbuild/linux-s390x": "0.27.3",
                "@esbuild/linux-x64": "0.27.3",
                "@esbuild/netbsd-arm64": "0.27.3",
                "@esbuild/netbsd-x64": "0.27.3",
                "@esbuild/openbsd-arm64": "0.27.3",
                "@esbuild/openbsd-x64": "0.27.3",
                "@esbuild/openharmony-arm64": "0.27.3",
                "@esbuild/sunos-x64": "0.27.3",
                "@esbuild/win32-arm64": "0.27.3",
                "@esbuild/win32-ia32": "0.27.3",
                "@esbuild/win32-x64": "0.27.3"
            }
        },
        "node_modules/eventemitter3": {
            "version": "5.0.4",
            "resolved": "https://registry.npmjs.org/eventemitter3/-/eventemitter3-5.0.4.tgz",
            "integrity": "sha512-mlsTRyGaPBjPedk6Bvw+aqbsXDtoAyAzm5MO7JgU+yVRyMQ5O8bD4Kcci7BS85f93veegeCPkL8R4GLClnjLFw==",
            "license": "MIT"
        },
        "node_modules/fsevents": {
            "version": "2.3.3",
            "resolved": "https://registry.npmjs.org/fsevents/-/fsevents-2.3.3.tgz",
            "integrity": "sha512-5xoDfX+fL7faATnagmWPpbFtwh/R77WmMMqqHGS65C3vvB0YHrgF+B1YmZ3441tMj5n63k0212XNoJwzlhffQw==",
            "dev": true,
            "hasInstallScript": true,
            "license": "MIT",
            "optional": true,
            "os": [
                "darwin"
            ],
            "engines": {
                "node": "^8.16.0 || ^10.6.0 || >=11.0.0"
            }
        },
        "node_modules/get-tsconfig": {
            "version": "4.13.6",
            "resolved": "https://registry.npmjs.org/get-tsconfig/-/get-tsconfig-4.13.6.tgz",
            "integrity": "sha512-shZT/QMiSHc/YBLxxOkMtgSid5HFoauqCE3/exfsEcwg1WkeqjG+V40yBbBrsD+jW2HDXcs28xOfcbm2jI8Ddw==",
            "dev": true,
            "license": "MIT",
            "dependencies": {
                "resolve-pkg-maps": "^1.0.0"
            },
            "funding": {
                "url": "https://github.com/privatenumber/get-tsconfig?sponsor=1"
            }
        },
        "node_modules/lossless-json": {
            "version": "4.3.0",
            "resolved": "https://registry.npmjs.org/lossless-json/-/lossless-json-4.3.0.tgz",
            "integrity": "sha512-ToxOC+SsduRmdSuoLZLYAr5zy1Qu7l5XhmPWM3zefCZ5IcrzW/h108qbJUKfOlDlhvhjUK84+8PSVX0kxnit0g==",
            "license": "MIT"
        },
        "node_modules/mainnet-js": {
            "version": "3.1.7",
            "resolved": "https://registry.npmjs.org/mainnet-js/-/mainnet-js-3.1.7.tgz",
            "integrity": "sha512-rOBN+qVON7Lhh2jrMwIA26xv23dAFULMR+DT+g9al9GnmNSdsUL2RuN50eWwkUxE2T4YFdTWT30FUKZczl8hRw==",
            "license": "MIT",
            "dependencies": {
                "@bitauth/libauth": "^3.1.0-next.8",
                "@electrum-cash/network": "^4.2.2"
            },
            "optionalDependencies": {
                "dotenv": "^10.0.0"
            }
        },
        "node_modules/mainnet-js/node_modules/@bitauth/libauth": {
            "version": "3.1.0-next.8",
            "resolved": "https://registry.npmjs.org/@bitauth/libauth/-/libauth-3.1.0-next.8.tgz",
            "integrity": "sha512-Pm+Ju+YP3JeBLLTiVrBnia2wwE4G17r4XqpvPRMcklElJTe8J6x3JgKRg1by0Xm3ZY6UFxACkEAoSA+x419/zA==",
            "license": "MIT",
            "engines": {
                "node": "^12.20.0 || ^14.13.1 || >=16.0.0"
            }
        },
        "node_modules/ms": {
            "version": "2.1.3",
            "resolved": "https://registry.npmjs.org/ms/-/ms-2.1.3.tgz",
            "integrity": "sha512-6FlzubTLZG3J2a/NVCAleEhjzq5oxgHyaCU9yYXvcLsvoVaHJq/s5xXI6/XXP6tz7R9xAOtHnSO/tXtF3WRTlA==",
            "license": "MIT"
        },
        "node_modules/pako": {
            "version": "2.1.0",
            "resolved": "https://registry.npmjs.org/pako/-/pako-2.1.0.tgz",
            "integrity": "sha512-w+eufiZ1WuJYgPXbV/PO3NCMEc3xqylkKHzp8bxp1uW4qaSNQUkwmLLEc3kKsfz8lpV1F8Ht3U1Cm+9Srog2ug==",
            "license": "(MIT AND Zlib)"
        },
        "node_modules/resolve-pkg-maps": {
            "version": "1.0.0",
            "resolved": "https://registry.npmjs.org/resolve-pkg-maps/-/resolve-pkg-maps-1.0.0.tgz",
            "integrity": "sha512-seS2Tj26TBVOC2NIc2rOe2y2ZO7efxITtLZcGSOnHHNOQ7CkiUBfw0Iw2ck6xkIhPwLhKNLS8BO+hEpngQlqzw==",
            "dev": true,
            "license": "MIT",
            "funding": {
                "url": "https://github.com/privatenumber/resolve-pkg-maps?sponsor=1"
            }
        },
        "node_modules/semver": {
            "version": "7.7.4",
            "resolved": "https://registry.npmjs.org/semver/-/semver-7.7.4.tgz",
            "integrity": "sha512-vFKC2IEtQnVhpT78h1Yp8wzwrf8CM+MzKMHGJZfBtzhZNycRFnXsHk6E5TxIkkMsgNS7mdX3AGB7x2QM2di4lA==",
            "license": "ISC",
            "bin": {
                "semver": "bin/semver.js"
            },
            "engines": {
                "node": ">=10"
            }
        },
        "node_modules/tslib": {
            "version": "2.8.1",
            "resolved": "https://registry.npmjs.org/tslib/-/tslib-2.8.1.tgz",
            "integrity": "sha512-oJFu94HQb+KVduSUQL7wnpmqnfmLsOA/nAh6b6EH0wCEoK0/mPeXU6c3wKDV83MkOuHPRHtSXKKU99IBazS/2w==",
            "license": "0BSD"
        },
        "node_modules/tsx": {
            "version": "4.21.0",
            "resolved": "https://registry.npmjs.org/tsx/-/tsx-4.21.0.tgz",
            "integrity": "sha512-5C1sg4USs1lfG0GFb2RLXsdpXqBSEhAaA/0kPL01wxzpMqLILNxIxIOKiILz+cdg/pLnOUxFYOR5yhHU666wbw==",
            "dev": true,
            "license": "MIT",
            "dependencies": {
                "esbuild": "~0.27.0",
                "get-tsconfig": "^4.7.5"
            },
            "bin": {
                "tsx": "dist/cli.mjs"
            },
            "engines": {
                "node": ">=18.0.0"
            },
            "optionalDependencies": {
                "fsevents": "~2.3.3"
            }
        },
        "node_modules/typescript": {
            "version": "5.9.3",
            "resolved": "https://registry.npmjs.org/typescript/-/typescript-5.9.3.tgz",
            "integrity": "sha512-jl1vZzPDinLr9eUt3J/t7V6FgNEw9QjvBPdysz9KfQDD41fQrC2Y4vKQdiaUpFT4bXlb1RHhLpp8wtm6M5TgSw==",
            "dev": true,
            "license": "Apache-2.0",
            "bin": {
                "tsc": "bin/tsc",
                "tsserver": "bin/tsserver"
            },
            "engines": {
                "node": ">=14.17"
            }
        },
        "node_modules/undici-types": {
            "version": "7.18.2",
            "resolved": "https://registry.npmjs.org/undici-types/-/undici-types-7.18.2.tgz",
            "integrity": "sha512-AsuCzffGHJybSaRrmr5eHr81mwJU3kjw6M+uprWvCXiNeN9SOGwQ3Jn8jb8m3Z6izVgknn1R0FTCEAP2QrLY/w==",
            "license": "MIT"
        },
        "node_modules/ws": {
            "version": "8.19.0",
            "resolved": "https://registry.npmjs.org/ws/-/ws-8.19.0.tgz",
            "integrity": "sha512-blAT2mjOEIi0ZzruJfIhb3nps74PRWTCz1IjglWEEpQl5XS/UNama6u2/rjFkDDouqr4L67ry+1aGIALViWjDg==",
            "license": "MIT",
            "peer": true,
            "engines": {
                "node": ">=10.0.0"
            },
            "peerDependencies": {
                "bufferutil": "^4.0.1",
                "utf-8-validate": ">=5.0.2"
            },
            "peerDependenciesMeta": {
                "bufferutil": {
                    "optional": true
                },
                "utf-8-validate": {
                    "optional": true
                }
            }
        },
        "packages/sdk": {
            "name": "@bch-intents/sdk",
            "version": "0.1.0",
            "license": "MIT",
            "dependencies": {
                "@bch-intents/sdk-cashtokens": "*",
                "@bch-intents/sdk-common": "*",
                "@bch-intents/sdk-contracts": "*",
                "@bch-intents/sdk-cross-chain": "*",
                "@bch-intents/sdk-order-book": "*",
                "@bch-intents/sdk-wallet-adapter": "*"
            },
            "devDependencies": {
                "typescript": "^5.3.3"
            }
        },
        "packages/sdk-cashtokens": {
            "name": "@bch-intents/sdk-cashtokens",
            "version": "0.1.0",
            "license": "MIT",
            "dependencies": {
                "@bch-intents/sdk-common": "*",
                "@bch-intents/sdk-contracts": "*",
                "cashscript": "^0.12.0"
            },
            "devDependencies": {
                "tsx": "^4.7.0",
                "typescript": "^5.3.3"
            }
        },
        "packages/sdk-common": {
            "name": "@bch-intents/sdk-common",
            "version": "0.1.0",
            "license": "MIT",
            "dependencies": {
                "@bitauth/libauth": "^3.0.0"
            },
            "devDependencies": {
                "tsx": "^4.7.0",
                "typescript": "^5.3.3"
            }
        },
        "packages/sdk-contracts": {
            "name": "@bch-intents/sdk-contracts",
            "version": "0.1.0",
            "license": "MIT",
            "dependencies": {
                "@bch-intents/sdk-common": "*",
                "cashscript": "^0.12.0"
            },
            "devDependencies": {
                "tsx": "^4.7.0",
                "typescript": "^5.3.3"
            }
        },
        "packages/sdk-cross-chain": {
            "name": "@bch-intents/sdk-cross-chain",
            "version": "0.1.0",
            "license": "MIT",
            "dependencies": {
                "@bch-intents/sdk-common": "*",
                "@bch-intents/sdk-contracts": "*"
            },
            "devDependencies": {
                "tsx": "^4.7.0",
                "typescript": "^5.3.3"
            }
        },
        "packages/sdk-order-book": {
            "name": "@bch-intents/sdk-order-book",
            "version": "0.1.0",
            "license": "MIT",
            "dependencies": {
                "@bch-intents/sdk-common": "*"
            },
            "devDependencies": {
                "tsx": "^4.7.0",
                "typescript": "^5.3.3"
            }
        },
        "packages/sdk-wallet-adapter": {
            "name": "@bch-intents/sdk-wallet-adapter",
            "version": "0.1.0",
            "license": "MIT",
            "dependencies": {
                "@bch-intents/sdk-common": "*",
                "mainnet-js": "^3.1.7"
            },
            "devDependencies": {
                "tsx": "^4.7.0",
                "typescript": "^5.3.3"
            }
        }
    }
}
